
Microsoft Visual Studio Solution File, Format Version 12.00
# Visual Studio Version 17
VisualStudioVersion = 17.9.34728.123
MinimumVisualStudioVersion = 10.0.40219.1
Project("{FAE04EC0-301F-11D3-BF4B-00C04F79EFBC}") = "新 计算每周的haplo分布关联感染人数", "新 计算每周的haplo分布关联感染人数\新 计算每周的haplo分布关联感染人数.csproj", "{932DBE31-E5D5-491F-A659-B25CF1DBDBED}"
EndProject
Global
	GlobalSection(SolutionConfigurationPlatforms) = preSolution
		Debug|Any CPU = Debug|Any CPU
		Debug|x64 = Debug|x64
		Release|Any CPU = Release|Any CPU
		Release|x64 = Release|x64
	EndGlobalSection
	GlobalSection(ProjectConfigurationPlatforms) = postSolution
		{932DBE31-E5D5-491F-A659-B25CF1DBDBED}.Debug|Any CPU.ActiveCfg = Debug|Any CPU
		{932DBE31-E5D5-491F-A659-B25CF1DBDBED}.Debug|Any CPU.Build.0 = Debug|Any CPU
		{932DBE31-E5D5-491F-A659-B25CF1DBDBED}.Debug|x64.ActiveCfg = Debug|x64
		{932DBE31-E5D5-491F-A659-B25CF1DBDBED}.Debug|x64.Build.0 = Debug|x64
		{932DBE31-E5D5-491F-A659-B25CF1DBDBED}.Release|Any CPU.ActiveCfg = Release|Any CPU
		{932DBE31-E5D5-491F-A659-B25CF1DBDBED}.Release|Any CPU.Build.0 = Release|Any CPU
		{932DBE31-E5D5-491F-A659-B25CF1DBDBED}.Release|x64.ActiveCfg = Release|x64
		{932DBE31-E5D5-491F-A659-B25CF1DBDBED}.Release|x64.Build.0 = Release|x64
	EndGlobalSection
	GlobalSection(SolutionProperties) = preSolution
		HideSolutionNode = FALSE
	EndGlobalSection
	GlobalSection(ExtensibilityGlobals) = postSolution
		SolutionGuid = {967E48BD-2D12-499B-A124-37CFB863E4ED}
	EndGlobalSection
EndGlobal
